// !$*UTF8*$!
{
	archiveVersion = 1;
	classes = {
	};
	objectVersion = 50;
	objects = {

/* Begin PBXBuildFile section */
		D50D66C426C6EB3600C67325 /* Configurations.plist in Resources */ = {isa = PBXBuildFile; fileRef = D50D66C326C6EB3600C67325 /* Configurations.plist */; };
		D50D66C626C6EC6200C67325 /* Configurations.swift in Sources */ = {isa = PBXBuildFile; fileRef = D50D66C526C6EC6200C67325 /* Configurations.swift */; };
		D50D66C826C73AF000C67325 /* SettingsModels.swift in Sources */ = {isa = PBXBuildFile; fileRef = D50D66C726C73AF000C67325 /* SettingsModels.swift */; };
		D55CF7D326C5E7E000B92E31 /* AppDelegate.swift in Sources */ = {isa = PBXBuildFile; fileRef = D55CF7D226C5E7E000B92E31 /* AppDelegate.swift */; };
		D55CF7D526C5E7E000B92E31 /* SceneDelegate.swift in Sources */ = {isa = PBXBuildFile; fileRef = D55CF7D426C5E7E000B92E31 /* SceneDelegate.swift */; };
		D55CF7D726C5E7E000B92E31 /* TabBarController.swift in Sources */ = {isa = PBXBuildFile; fileRef = D55CF7D626C5E7E000B92E31 /* TabBarController.swift */; };
		D55CF7DC26C5E7E100B92E31 /* Assets.xcassets in Resources */ = {isa = PBXBuildFile; fileRef = D55CF7DB26C5E7E100B92E31 /* Assets.xcassets */; };
		D55CF7DF26C5E7E100B92E31 /* LaunchScreen.storyboard in Resources */ = {isa = PBXBuildFile; fileRef = D55CF7DD26C5E7E100B92E31 /* LaunchScreen.storyboard */; };
		D55CF7EE26C5EA0B00B92E31 /* HomeViewController.swift in Sources */ = {isa = PBXBuildFile; fileRef = D55CF7ED26C5EA0B00B92E31 /* HomeViewController.swift */; };
		D55CF7F026C5EA3800B92E31 /* SearchViewController.swift in Sources */ = {isa = PBXBuildFile; fileRef = D55CF7EF26C5EA3800B92E31 /* SearchViewController.swift */; };
		D55CF7F226C5EA4800B92E31 /* LibraryViewController.swift in Sources */ = {isa = PBXBuildFile; fileRef = D55CF7F126C5EA4800B92E31 /* LibraryViewController.swift */; };
		D55CF7F626C5EA6F00B92E31 /* AuthenticatorViewController.swift in Sources */ = {isa = PBXBuildFile; fileRef = D55CF7F526C5EA6F00B92E31 /* AuthenticatorViewController.swift */; };
		D55CF7F826C5EA7900B92E31 /* WelcomeViewController.swift in Sources */ = {isa = PBXBuildFile; fileRef = D55CF7F726C5EA7900B92E31 /* WelcomeViewController.swift */; };
		D55CF7FA26C5EA8300B92E31 /* SettingsViewController.swift in Sources */ = {isa = PBXBuildFile; fileRef = D55CF7F926C5EA8300B92E31 /* SettingsViewController.swift */; };
		D55CF7FC26C5EA9100B92E31 /* ProfileViewController.swift in Sources */ = {isa = PBXBuildFile; fileRef = D55CF7FB26C5EA9100B92E31 /* ProfileViewController.swift */; };
		D55CF7FE26C5EA9C00B92E31 /* PlayerViewController.swift in Sources */ = {isa = PBXBuildFile; fileRef = D55CF7FD26C5EA9C00B92E31 /* PlayerViewController.swift */; };
		D55CF80026C5EAAC00B92E31 /* PlaylistViewController.swift in Sources */ = {isa = PBXBuildFile; fileRef = D55CF7FF26C5EAAC00B92E31 /* PlaylistViewController.swift */; };
		D55CF80226C5EAC300B92E31 /* SearchResultsViewController.swift in Sources */ = {isa = PBXBuildFile; fileRef = D55CF80126C5EAC300B92E31 /* SearchResultsViewController.swift */; };
		D55CF80526C5EAF000B92E31 /* AuthenticatorManager.swift in Sources */ = {isa = PBXBuildFile; fileRef = D55CF80426C5EAF000B92E31 /* AuthenticatorManager.swift */; };
		D55CF80726C5EAFE00B92E31 /* APIManager.swift in Sources */ = {isa = PBXBuildFile; fileRef = D55CF80626C5EAFE00B92E31 /* APIManager.swift */; };
		D55CF80926C5EB0B00B92E31 /* HapticsManager.swift in Sources */ = {isa = PBXBuildFile; fileRef = D55CF80826C5EB0B00B92E31 /* HapticsManager.swift */; };
		D55CF80B26C5EB2200B92E31 /* Playlist.swift in Sources */ = {isa = PBXBuildFile; fileRef = D55CF80A26C5EB2200B92E31 /* Playlist.swift */; };
		D55CF80D26C5EB2C00B92E31 /* AudioTrack.swift in Sources */ = {isa = PBXBuildFile; fileRef = D55CF80C26C5EB2C00B92E31 /* AudioTrack.swift */; };
		D55CF80F26C5EB3800B92E31 /* Artist.swift in Sources */ = {isa = PBXBuildFile; fileRef = D55CF80E26C5EB3800B92E31 /* Artist.swift */; };
		D55CF81126C5EB4400B92E31 /* UserProfile.swift in Sources */ = {isa = PBXBuildFile; fileRef = D55CF81026C5EB4400B92E31 /* UserProfile.swift */; };
		D55CF81526C6045400B92E31 /* AuthenticationResponse.swift in Sources */ = {isa = PBXBuildFile; fileRef = D55CF81426C6045400B92E31 /* AuthenticationResponse.swift */; };
		D5603D4726CAD59000525E41 /* RecommendationsResponse.swift in Sources */ = {isa = PBXBuildFile; fileRef = D5603D4626CAD59000525E41 /* RecommendationsResponse.swift */; };
		D5603D4926CAD95800525E41 /* Tracks.swift in Sources */ = {isa = PBXBuildFile; fileRef = D5603D4826CAD95800525E41 /* Tracks.swift */; };
		D5603D4C26CAFC3C00525E41 /* NewReleaseCollectionViewCell.swift in Sources */ = {isa = PBXBuildFile; fileRef = D5603D4B26CAFC3C00525E41 /* NewReleaseCollectionViewCell.swift */; };
		D5603D4E26CAFCAB00525E41 /* UICollectionViewCell.swift in Sources */ = {isa = PBXBuildFile; fileRef = D5603D4D26CAFCAB00525E41 /* UICollectionViewCell.swift */; };
		D5603D5026CAFCE000525E41 /* FeaturedPlaylistCollectionViewCell.swift in Sources */ = {isa = PBXBuildFile; fileRef = D5603D4F26CAFCE000525E41 /* FeaturedPlaylistCollectionViewCell.swift */; };
		D5603D5226CAFCF700525E41 /* RecommendedTrackCollectionViewCell.swift in Sources */ = {isa = PBXBuildFile; fileRef = D5603D5126CAFCF700525E41 /* RecommendedTrackCollectionViewCell.swift */; };
		D560F78826C9D3FD007348F7 /* TabBerModel.swift in Sources */ = {isa = PBXBuildFile; fileRef = D560F78726C9D3FD007348F7 /* TabBerModel.swift */; };
		D560F78B26C9D7BD007348F7 /* UIView.swift in Sources */ = {isa = PBXBuildFile; fileRef = D560F78A26C9D7BD007348F7 /* UIView.swift */; };
		D560F78D26C9D7D8007348F7 /* UserDefaults.swift in Sources */ = {isa = PBXBuildFile; fileRef = D560F78C26C9D7D8007348F7 /* UserDefaults.swift */; };
		D560F78F26C9D80A007348F7 /* UIImageView.swift in Sources */ = {isa = PBXBuildFile; fileRef = D560F78E26C9D80A007348F7 /* UIImageView.swift */; };
		D560F79126C9E41F007348F7 /* NewReleasesResponses.swift in Sources */ = {isa = PBXBuildFile; fileRef = D560F79026C9E41F007348F7 /* NewReleasesResponses.swift */; };
		D560F79326C9F73D007348F7 /* FeaturedPlaylistsResponse.swift in Sources */ = {isa = PBXBuildFile; fileRef = D560F79226C9F73D007348F7 /* FeaturedPlaylistsResponse.swift */; };
		D560F79526C9FC41007348F7 /* RecommendedGenresResponse.swift in Sources */ = {isa = PBXBuildFile; fileRef = D560F79426C9FC41007348F7 /* RecommendedGenresResponse.swift */; };
/* End PBXBuildFile section */

/* Begin PBXFileReference section */
		D50D66C326C6EB3600C67325 /* Configurations.plist */ = {isa = PBXFileReference; lastKnownFileType = text.plist.xml; path = Configurations.plist; sourceTree = "<group>"; };
		D50D66C526C6EC6200C67325 /* Configurations.swift */ = {isa = PBXFileReference; lastKnownFileType = sourcecode.swift; path = Configurations.swift; sourceTree = "<group>"; };
		D50D66C726C73AF000C67325 /* SettingsModels.swift */ = {isa = PBXFileReference; lastKnownFileType = sourcecode.swift; path = SettingsModels.swift; sourceTree = "<group>"; };
		D55CF7CF26C5E7E000B92E31 /* SpotifyClone.app */ = {isa = PBXFileReference; explicitFileType = wrapper.application; includeInIndex = 0; path = SpotifyClone.app; sourceTree = BUILT_PRODUCTS_DIR; };
		D55CF7D226C5E7E000B92E31 /* AppDelegate.swift */ = {isa = PBXFileReference; lastKnownFileType = sourcecode.swift; path = AppDelegate.swift; sourceTree = "<group>"; };
		D55CF7D426C5E7E000B92E31 /* SceneDelegate.swift */ = {isa = PBXFileReference; lastKnownFileType = sourcecode.swift; path = SceneDelegate.swift; sourceTree = "<group>"; };
		D55CF7D626C5E7E000B92E31 /* TabBarController.swift */ = {isa = PBXFileReference; lastKnownFileType = sourcecode.swift; path = TabBarController.swift; sourceTree = "<group>"; };
		D55CF7DB26C5E7E100B92E31 /* Assets.xcassets */ = {isa = PBXFileReference; lastKnownFileType = folder.assetcatalog; path = Assets.xcassets; sourceTree = "<group>"; };
		D55CF7DE26C5E7E100B92E31 /* Base */ = {isa = PBXFileReference; lastKnownFileType = file.storyboard; name = Base; path = Base.lproj/LaunchScreen.storyboard; sourceTree = "<group>"; };
		D55CF7E026C5E7E100B92E31 /* Info.plist */ = {isa = PBXFileReference; lastKnownFileType = text.plist.xml; path = Info.plist; sourceTree = "<group>"; };
		D55CF7ED26C5EA0B00B92E31 /* HomeViewController.swift */ = {isa = PBXFileReference; lastKnownFileType = sourcecode.swift; path = HomeViewController.swift; sourceTree = "<group>"; };
		D55CF7EF26C5EA3800B92E31 /* SearchViewController.swift */ = {isa = PBXFileReference; lastKnownFileType = sourcecode.swift; path = SearchViewController.swift; sourceTree = "<group>"; };
		D55CF7F126C5EA4800B92E31 /* LibraryViewController.swift */ = {isa = PBXFileReference; lastKnownFileType = sourcecode.swift; path = LibraryViewController.swift; sourceTree = "<group>"; };
		D55CF7F526C5EA6F00B92E31 /* AuthenticatorViewController.swift */ = {isa = PBXFileReference; lastKnownFileType = sourcecode.swift; path = AuthenticatorViewController.swift; sourceTree = "<group>"; };
		D55CF7F726C5EA7900B92E31 /* WelcomeViewController.swift */ = {isa = PBXFileReference; lastKnownFileType = sourcecode.swift; path = WelcomeViewController.swift; sourceTree = "<group>"; };
		D55CF7F926C5EA8300B92E31 /* SettingsViewController.swift */ = {isa = PBXFileReference; lastKnownFileType = sourcecode.swift; path = SettingsViewController.swift; sourceTree = "<group>"; };
		D55CF7FB26C5EA9100B92E31 /* ProfileViewController.swift */ = {isa = PBXFileReference; lastKnownFileType = sourcecode.swift; path = ProfileViewController.swift; sourceTree = "<group>"; };
		D55CF7FD26C5EA9C00B92E31 /* PlayerViewController.swift */ = {isa = PBXFileReference; lastKnownFileType = sourcecode.swift; path = PlayerViewController.swift; sourceTree = "<group>"; };
		D55CF7FF26C5EAAC00B92E31 /* PlaylistViewController.swift */ = {isa = PBXFileReference; lastKnownFileType = sourcecode.swift; path = PlaylistViewController.swift; sourceTree = "<group>"; };
		D55CF80126C5EAC300B92E31 /* SearchResultsViewController.swift */ = {isa = PBXFileReference; lastKnownFileType = sourcecode.swift; path = SearchResultsViewController.swift; sourceTree = "<group>"; };
		D55CF80426C5EAF000B92E31 /* AuthenticatorManager.swift */ = {isa = PBXFileReference; lastKnownFileType = sourcecode.swift; path = AuthenticatorManager.swift; sourceTree = "<group>"; };
		D55CF80626C5EAFE00B92E31 /* APIManager.swift */ = {isa = PBXFileReference; lastKnownFileType = sourcecode.swift; path = APIManager.swift; sourceTree = "<group>"; };
		D55CF80826C5EB0B00B92E31 /* HapticsManager.swift */ = {isa = PBXFileReference; lastKnownFileType = sourcecode.swift; path = HapticsManager.swift; sourceTree = "<group>"; };
		D55CF80A26C5EB2200B92E31 /* Playlist.swift */ = {isa = PBXFileReference; lastKnownFileType = sourcecode.swift; path = Playlist.swift; sourceTree = "<group>"; };
		D55CF80C26C5EB2C00B92E31 /* AudioTrack.swift */ = {isa = PBXFileReference; lastKnownFileType = sourcecode.swift; path = AudioTrack.swift; sourceTree = "<group>"; };
		D55CF80E26C5EB3800B92E31 /* Artist.swift */ = {isa = PBXFileReference; lastKnownFileType = sourcecode.swift; path = Artist.swift; sourceTree = "<group>"; };
		D55CF81026C5EB4400B92E31 /* UserProfile.swift */ = {isa = PBXFileReference; lastKnownFileType = sourcecode.swift; path = UserProfile.swift; sourceTree = "<group>"; };
		D55CF81426C6045400B92E31 /* AuthenticationResponse.swift */ = {isa = PBXFileReference; lastKnownFileType = sourcecode.swift; path = AuthenticationResponse.swift; sourceTree = "<group>"; };
		D5603D4626CAD59000525E41 /* RecommendationsResponse.swift */ = {isa = PBXFileReference; lastKnownFileType = sourcecode.swift; path = RecommendationsResponse.swift; sourceTree = "<group>"; };
		D5603D4826CAD95800525E41 /* Tracks.swift */ = {isa = PBXFileReference; lastKnownFileType = sourcecode.swift; path = Tracks.swift; sourceTree = "<group>"; };
		D5603D4B26CAFC3C00525E41 /* NewReleaseCollectionViewCell.swift */ = {isa = PBXFileReference; lastKnownFileType = sourcecode.swift; path = NewReleaseCollectionViewCell.swift; sourceTree = "<group>"; };
		D5603D4D26CAFCAB00525E41 /* UICollectionViewCell.swift */ = {isa = PBXFileReference; lastKnownFileType = sourcecode.swift; path = UICollectionViewCell.swift; sourceTree = "<group>"; };
		D5603D4F26CAFCE000525E41 /* FeaturedPlaylistCollectionViewCell.swift */ = {isa = PBXFileReference; lastKnownFileType = sourcecode.swift; path = FeaturedPlaylistCollectionViewCell.swift; sourceTree = "<group>"; };
		D5603D5126CAFCF700525E41 /* RecommendedTrackCollectionViewCell.swift */ = {isa = PBXFileReference; lastKnownFileType = sourcecode.swift; path = RecommendedTrackCollectionViewCell.swift; sourceTree = "<group>"; };
		D560F78726C9D3FD007348F7 /* TabBerModel.swift */ = {isa = PBXFileReference; lastKnownFileType = sourcecode.swift; path = TabBerModel.swift; sourceTree = "<group>"; };
		D560F78A26C9D7BD007348F7 /* UIView.swift */ = {isa = PBXFileReference; lastKnownFileType = sourcecode.swift; path = UIView.swift; sourceTree = "<group>"; };
		D560F78C26C9D7D8007348F7 /* UserDefaults.swift */ = {isa = PBXFileReference; lastKnownFileType = sourcecode.swift; path = UserDefaults.swift; sourceTree = "<group>"; };
		D560F78E26C9D80A007348F7 /* UIImageView.swift */ = {isa = PBXFileReference; lastKnownFileType = sourcecode.swift; path = UIImageView.swift; sourceTree = "<group>"; };
		D560F79026C9E41F007348F7 /* NewReleasesResponses.swift */ = {isa = PBXFileReference; lastKnownFileType = sourcecode.swift; path = NewReleasesResponses.swift; sourceTree = "<group>"; };
		D560F79226C9F73D007348F7 /* FeaturedPlaylistsResponse.swift */ = {isa = PBXFileReference; lastKnownFileType = sourcecode.swift; path = FeaturedPlaylistsResponse.swift; sourceTree = "<group>"; };
		D560F79426C9FC41007348F7 /* RecommendedGenresResponse.swift */ = {isa = PBXFileReference; lastKnownFileType = sourcecode.swift; path = RecommendedGenresResponse.swift; sourceTree = "<group>"; };
/* End PBXFileReference section */

/* Begin PBXFrameworksBuildPhase section */
		D55CF7CC26C5E7E000B92E31 /* Frameworks */ = {
			isa = PBXFrameworksBuildPhase;
			buildActionMask = 2147483647;
			files = (
			);
			runOnlyForDeploymentPostprocessing = 0;
		};
/* End PBXFrameworksBuildPhase section */

/* Begin PBXGroup section */
		D55CF7C626C5E7E000B92E31 = {
			isa = PBXGroup;
			children = (
				D55CF7D126C5E7E000B92E31 /* SpotifyClone */,
				D55CF7D026C5E7E000B92E31 /* Products */,
			);
			sourceTree = "<group>";
		};
		D55CF7D026C5E7E000B92E31 /* Products */ = {
			isa = PBXGroup;
			children = (
				D55CF7CF26C5E7E000B92E31 /* SpotifyClone.app */,
			);
			name = Products;
			sourceTree = "<group>";
		};
		D55CF7D126C5E7E000B92E31 /* SpotifyClone */ = {
			isa = PBXGroup;
			children = (
				D55CF7E626C5E81300B92E31 /* Controllers */,
				D560F78926C9D7AC007348F7 /* Extensions */,
				D55CF80326C5EADE00B92E31 /* Managers */,
				D55CF7E826C5E81F00B92E31 /* Models */,
				D55CF7EA26C5E83E00B92E31 /* Resources */,
				D55CF7E926C5E82B00B92E31 /* ViewModels */,
				D55CF7E726C5E81A00B92E31 /* Views */,
			);
			path = SpotifyClone;
			sourceTree = "<group>";
		};
		D55CF7E626C5E81300B92E31 /* Controllers */ = {
			isa = PBXGroup;
			children = (
				D55CF7F426C5EA5B00B92E31 /* Other */,
				D55CF7F326C5EA5000B92E31 /* Core */,
			);
			path = Controllers;
			sourceTree = "<group>";
		};
		D55CF7E726C5E81A00B92E31 /* Views */ = {
			isa = PBXGroup;
			children = (
				D5603D4A26CAFBFD00525E41 /* Browse */,
				D55CF7DD26C5E7E100B92E31 /* LaunchScreen.storyboard */,
			);
			path = Views;
			sourceTree = "<group>";
		};
		D55CF7E826C5E81F00B92E31 /* Models */ = {
			isa = PBXGroup;
			children = (
				D55CF80A26C5EB2200B92E31 /* Playlist.swift */,
				D55CF80C26C5EB2C00B92E31 /* AudioTrack.swift */,
				D55CF80E26C5EB3800B92E31 /* Artist.swift */,
				D55CF81026C5EB4400B92E31 /* UserProfile.swift */,
				D55CF81426C6045400B92E31 /* AuthenticationResponse.swift */,
				D50D66C726C73AF000C67325 /* SettingsModels.swift */,
				D560F78726C9D3FD007348F7 /* TabBerModel.swift */,
				D560F79026C9E41F007348F7 /* NewReleasesResponses.swift */,
				D560F79226C9F73D007348F7 /* FeaturedPlaylistsResponse.swift */,
				D560F79426C9FC41007348F7 /* RecommendedGenresResponse.swift */,
				D5603D4626CAD59000525E41 /* RecommendationsResponse.swift */,
				D5603D4826CAD95800525E41 /* Tracks.swift */,
			);
			path = Models;
			sourceTree = "<group>";
		};
		D55CF7E926C5E82B00B92E31 /* ViewModels */ = {
			isa = PBXGroup;
			children = (
			);
			path = ViewModels;
			sourceTree = "<group>";
		};
		D55CF7EA26C5E83E00B92E31 /* Resources */ = {
			isa = PBXGroup;
			children = (
				D55CF7E026C5E7E100B92E31 /* Info.plist */,
				D55CF7DB26C5E7E100B92E31 /* Assets.xcassets */,
				D55CF7D426C5E7E000B92E31 /* SceneDelegate.swift */,
				D55CF7D226C5E7E000B92E31 /* AppDelegate.swift */,
				D50D66C326C6EB3600C67325 /* Configurations.plist */,
				D50D66C526C6EC6200C67325 /* Configurations.swift */,
			);
			path = Resources;
			sourceTree = "<group>";
		};
		D55CF7F326C5EA5000B92E31 /* Core */ = {
			isa = PBXGroup;
			children = (
				D55CF7D626C5E7E000B92E31 /* TabBarController.swift */,
				D55CF7ED26C5EA0B00B92E31 /* HomeViewController.swift */,
				D55CF7EF26C5EA3800B92E31 /* SearchViewController.swift */,
				D55CF7F126C5EA4800B92E31 /* LibraryViewController.swift */,
			);
			path = Core;
			sourceTree = "<group>";
		};
		D55CF7F426C5EA5B00B92E31 /* Other */ = {
			isa = PBXGroup;
			children = (
				D55CF7F526C5EA6F00B92E31 /* AuthenticatorViewController.swift */,
				D55CF7F726C5EA7900B92E31 /* WelcomeViewController.swift */,
				D55CF7F926C5EA8300B92E31 /* SettingsViewController.swift */,
				D55CF7FB26C5EA9100B92E31 /* ProfileViewController.swift */,
				D55CF7FD26C5EA9C00B92E31 /* PlayerViewController.swift */,
				D55CF7FF26C5EAAC00B92E31 /* PlaylistViewController.swift */,
				D55CF80126C5EAC300B92E31 /* SearchResultsViewController.swift */,
			);
			path = Other;
			sourceTree = "<group>";
		};
		D55CF80326C5EADE00B92E31 /* Managers */ = {
			isa = PBXGroup;
			children = (
				D55CF80426C5EAF000B92E31 /* AuthenticatorManager.swift */,
				D55CF80626C5EAFE00B92E31 /* APIManager.swift */,
				D55CF80826C5EB0B00B92E31 /* HapticsManager.swift */,
			);
			path = Managers;
			sourceTree = "<group>";
		};
		D5603D4A26CAFBFD00525E41 /* Browse */ = {
			isa = PBXGroup;
			children = (
				D5603D4B26CAFC3C00525E41 /* NewReleaseCollectionViewCell.swift */,
				D5603D4F26CAFCE000525E41 /* FeaturedPlaylistCollectionViewCell.swift */,
				D5603D5126CAFCF700525E41 /* RecommendedTrackCollectionViewCell.swift */,
			);
			path = Browse;
			sourceTree = "<group>";
		};
		D560F78926C9D7AC007348F7 /* Extensions */ = {
			isa = PBXGroup;
			children = (
				D560F78A26C9D7BD007348F7 /* UIView.swift */,
				D560F78C26C9D7D8007348F7 /* UserDefaults.swift */,
				D560F78E26C9D80A007348F7 /* UIImageView.swift */,
				D5603D4D26CAFCAB00525E41 /* UICollectionViewCell.swift */,
			);
			path = Extensions;
			sourceTree = "<group>";
		};
/* End PBXGroup section */

/* Begin PBXNativeTarget section */
		D55CF7CE26C5E7E000B92E31 /* SpotifyClone */ = {
			isa = PBXNativeTarget;
			buildConfigurationList = D55CF7E326C5E7E100B92E31 /* Build configuration list for PBXNativeTarget "SpotifyClone" */;
			buildPhases = (
				D55CF7CB26C5E7E000B92E31 /* Sources */,
				D55CF7CC26C5E7E000B92E31 /* Frameworks */,
				D55CF7CD26C5E7E000B92E31 /* Resources */,
			);
			buildRules = (
			);
			dependencies = (
			);
			name = SpotifyClone;
			productName = SpotifyClone;
			productReference = D55CF7CF26C5E7E000B92E31 /* SpotifyClone.app */;
			productType = "com.apple.product-type.application";
		};
/* End PBXNativeTarget section */

/* Begin PBXProject section */
		D55CF7C726C5E7E000B92E31 /* Project object */ = {
			isa = PBXProject;
			attributes = {
				LastSwiftUpdateCheck = 1250;
				LastUpgradeCheck = 1250;
				TargetAttributes = {
					D55CF7CE26C5E7E000B92E31 = {
						CreatedOnToolsVersion = 12.5.1;
					};
				};
			};
			buildConfigurationList = D55CF7CA26C5E7E000B92E31 /* Build configuration list for PBXProject "SpotifyClone" */;
			compatibilityVersion = "Xcode 9.3";
			developmentRegion = en;
			hasScannedForEncodings = 0;
			knownRegions = (
				en,
				Base,
			);
			mainGroup = D55CF7C626C5E7E000B92E31;
			productRefGroup = D55CF7D026C5E7E000B92E31 /* Products */;
			projectDirPath = "";
			projectRoot = "";
			targets = (
				D55CF7CE26C5E7E000B92E31 /* SpotifyClone */,
			);
		};
/* End PBXProject section */

/* Begin PBXResourcesBuildPhase section */
		D55CF7CD26C5E7E000B92E31 /* Resources */ = {
			isa = PBXResourcesBuildPhase;
			buildActionMask = 2147483647;
			files = (
				D55CF7DF26C5E7E100B92E31 /* LaunchScreen.storyboard in Resources */,
				D50D66C426C6EB3600C67325 /* Configurations.plist in Resources */,
				D55CF7DC26C5E7E100B92E31 /* Assets.xcassets in Resources */,
			);
			runOnlyForDeploymentPostprocessing = 0;
		};
/* End PBXResourcesBuildPhase section */

/* Begin PBXSourcesBuildPhase section */
		D55CF7CB26C5E7E000B92E31 /* Sources */ = {
			isa = PBXSourcesBuildPhase;
			buildActionMask = 2147483647;
			files = (
				D5603D4726CAD59000525E41 /* RecommendationsResponse.swift in Sources */,
				D560F78B26C9D7BD007348F7 /* UIView.swift in Sources */,
				D5603D5226CAFCF700525E41 /* RecommendedTrackCollectionViewCell.swift in Sources */,
				D55CF7F026C5EA3800B92E31 /* SearchViewController.swift in Sources */,
				D55CF80B26C5EB2200B92E31 /* Playlist.swift in Sources */,
				D560F78826C9D3FD007348F7 /* TabBerModel.swift in Sources */,
				D55CF80526C5EAF000B92E31 /* AuthenticatorManager.swift in Sources */,
				D5603D5026CAFCE000525E41 /* FeaturedPlaylistCollectionViewCell.swift in Sources */,
				D55CF80226C5EAC300B92E31 /* SearchResultsViewController.swift in Sources */,
				D50D66C826C73AF000C67325 /* SettingsModels.swift in Sources */,
				D55CF7F826C5EA7900B92E31 /* WelcomeViewController.swift in Sources */,
				D55CF7FC26C5EA9100B92E31 /* ProfileViewController.swift in Sources */,
				D560F79126C9E41F007348F7 /* NewReleasesResponses.swift in Sources */,
				D55CF7EE26C5EA0B00B92E31 /* HomeViewController.swift in Sources */,
				D55CF80926C5EB0B00B92E31 /* HapticsManager.swift in Sources */,
				D55CF80D26C5EB2C00B92E31 /* AudioTrack.swift in Sources */,
				D55CF7D726C5E7E000B92E31 /* TabBarController.swift in Sources */,
				D5603D4926CAD95800525E41 /* Tracks.swift in Sources */,
				D55CF7F626C5EA6F00B92E31 /* AuthenticatorViewController.swift in Sources */,
				D55CF7D326C5E7E000B92E31 /* AppDelegate.swift in Sources */,
				D55CF81126C5EB4400B92E31 /* UserProfile.swift in Sources */,
				D560F78F26C9D80A007348F7 /* UIImageView.swift in Sources */,
				D5603D4E26CAFCAB00525E41 /* UICollectionViewCell.swift in Sources */,
				D55CF7F226C5EA4800B92E31 /* LibraryViewController.swift in Sources */,
				D55CF80F26C5EB3800B92E31 /* Artist.swift in Sources */,
				D55CF80026C5EAAC00B92E31 /* PlaylistViewController.swift in Sources */,
				D55CF7D526C5E7E000B92E31 /* SceneDelegate.swift in Sources */,
				D55CF7FE26C5EA9C00B92E31 /* PlayerViewController.swift in Sources */,
				D5603D4C26CAFC3C00525E41 /* NewReleaseCollectionViewCell.swift in Sources */,
				D55CF80726C5EAFE00B92E31 /* APIManager.swift in Sources */,
				D560F79326C9F73D007348F7 /* FeaturedPlaylistsResponse.swift in Sources */,
				D560F78D26C9D7D8007348F7 /* UserDefaults.swift in Sources */,
				D560F79526C9FC41007348F7 /* RecommendedGenresResponse.swift in Sources */,
				D50D66C626C6EC6200C67325 /* Configurations.swift in Sources */,
				D55CF81526C6045400B92E31 /* AuthenticationResponse.swift in Sources */,
				D55CF7FA26C5EA8300B92E31 /* SettingsViewController.swift in Sources */,
			);
			runOnlyForDeploymentPostprocessing = 0;
		};
/* End PBXSourcesBuildPhase section */

/* Begin PBXVariantGroup section */
		D55CF7DD26C5E7E100B92E31 /* LaunchScreen.storyboard */ = {
			isa = PBXVariantGroup;
			children = (
				D55CF7DE26C5E7E100B92E31 /* Base */,
			);
			name = LaunchScreen.storyboard;
			sourceTree = "<group>";
		};
/* End PBXVariantGroup section */

/* Begin XCBuildConfiguration section */
		D55CF7E126C5E7E100B92E31 /* Debug */ = {
			isa = XCBuildConfiguration;
			buildSettings = {
				ALWAYS_SEARCH_USER_PATHS = NO;
				CLANG_ANALYZER_NONNULL = YES;
				CLANG_ANALYZER_NUMBER_OBJECT_CONVERSION = YES_AGGRESSIVE;
				CLANG_CXX_LANGUAGE_STANDARD = "gnu++14";
				CLANG_CXX_LIBRARY = "libc++";
				CLANG_ENABLE_MODULES = YES;
				CLANG_ENABLE_OBJC_ARC = YES;
				CLANG_ENABLE_OBJC_WEAK = YES;
				CLANG_WARN_BLOCK_CAPTURE_AUTORELEASING = YES;
				CLANG_WARN_BOOL_CONVERSION = YES;
				CLANG_WARN_COMMA = YES;
				CLANG_WARN_CONSTANT_CONVERSION = YES;
				CLANG_WARN_DEPRECATED_OBJC_IMPLEMENTATIONS = YES;
				CLANG_WARN_DIRECT_OBJC_ISA_USAGE = YES_ERROR;
				CLANG_WARN_DOCUMENTATION_COMMENTS = YES;
				CLANG_WARN_EMPTY_BODY = YES;
				CLANG_WARN_ENUM_CONVERSION = YES;
				CLANG_WARN_INFINITE_RECURSION = YES;
				CLANG_WARN_INT_CONVERSION = YES;
				CLANG_WARN_NON_LITERAL_NULL_CONVERSION = YES;
				CLANG_WARN_OBJC_IMPLICIT_RETAIN_SELF = YES;
				CLANG_WARN_OBJC_LITERAL_CONVERSION = YES;
				CLANG_WARN_OBJC_ROOT_CLASS = YES_ERROR;
				CLANG_WARN_QUOTED_INCLUDE_IN_FRAMEWORK_HEADER = YES;
				CLANG_WARN_RANGE_LOOP_ANALYSIS = YES;
				CLANG_WARN_STRICT_PROTOTYPES = YES;
				CLANG_WARN_SUSPICIOUS_MOVE = YES;
				CLANG_WARN_UNGUARDED_AVAILABILITY = YES_AGGRESSIVE;
				CLANG_WARN_UNREACHABLE_CODE = YES;
				CLANG_WARN__DUPLICATE_METHOD_MATCH = YES;
				COPY_PHASE_STRIP = NO;
				DEBUG_INFORMATION_FORMAT = dwarf;
				ENABLE_STRICT_OBJC_MSGSEND = YES;
				ENABLE_TESTABILITY = YES;
				GCC_C_LANGUAGE_STANDARD = gnu11;
				GCC_DYNAMIC_NO_PIC = NO;
				GCC_NO_COMMON_BLOCKS = YES;
				GCC_OPTIMIZATION_LEVEL = 0;
				GCC_PREPROCESSOR_DEFINITIONS = (
					"DEBUG=1",
					"$(inherited)",
				);
				GCC_WARN_64_TO_32_BIT_CONVERSION = YES;
				GCC_WARN_ABOUT_RETURN_TYPE = YES_ERROR;
				GCC_WARN_UNDECLARED_SELECTOR = YES;
				GCC_WARN_UNINITIALIZED_AUTOS = YES_AGGRESSIVE;
				GCC_WARN_UNUSED_FUNCTION = YES;
				GCC_WARN_UNUSED_VARIABLE = YES;
				IPHONEOS_DEPLOYMENT_TARGET = 14.5;
				MTL_ENABLE_DEBUG_INFO = INCLUDE_SOURCE;
				MTL_FAST_MATH = YES;
				ONLY_ACTIVE_ARCH = YES;
				SDKROOT = iphoneos;
				SWIFT_ACTIVE_COMPILATION_CONDITIONS = DEBUG;
				SWIFT_OPTIMIZATION_LEVEL = "-Onone";
			};
			name = Debug;
		};
		D55CF7E226C5E7E100B92E31 /* Release */ = {
			isa = XCBuildConfiguration;
			buildSettings = {
				ALWAYS_SEARCH_USER_PATHS = NO;
				CLANG_ANALYZER_NONNULL = YES;
				CLANG_ANALYZER_NUMBER_OBJECT_CONVERSION = YES_AGGRESSIVE;
				CLANG_CXX_LANGUAGE_STANDARD = "gnu++14";
				CLANG_CXX_LIBRARY = "libc++";
				CLANG_ENABLE_MODULES = YES;
				CLANG_ENABLE_OBJC_ARC = YES;
				CLANG_ENABLE_OBJC_WEAK = YES;
				CLANG_WARN_BLOCK_CAPTURE_AUTORELEASING = YES;
				CLANG_WARN_BOOL_CONVERSION = YES;
				CLANG_WARN_COMMA = YES;
				CLANG_WARN_CONSTANT_CONVERSION = YES;
				CLANG_WARN_DEPRECATED_OBJC_IMPLEMENTATIONS = YES;
				CLANG_WARN_DIRECT_OBJC_ISA_USAGE = YES_ERROR;
				CLANG_WARN_DOCUMENTATION_COMMENTS = YES;
				CLANG_WARN_EMPTY_BODY = YES;
				CLANG_WARN_ENUM_CONVERSION = YES;
				CLANG_WARN_INFINITE_RECURSION = YES;
				CLANG_WARN_INT_CONVERSION = YES;
				CLANG_WARN_NON_LITERAL_NULL_CONVERSION = YES;
				CLANG_WARN_OBJC_IMPLICIT_RETAIN_SELF = YES;
				CLANG_WARN_OBJC_LITERAL_CONVERSION = YES;
				CLANG_WARN_OBJC_ROOT_CLASS = YES_ERROR;
				CLANG_WARN_QUOTED_INCLUDE_IN_FRAMEWORK_HEADER = YES;
				CLANG_WARN_RANGE_LOOP_ANALYSIS = YES;
				CLANG_WARN_STRICT_PROTOTYPES = YES;
				CLANG_WARN_SUSPICIOUS_MOVE = YES;
				CLANG_WARN_UNGUARDED_AVAILABILITY = YES_AGGRESSIVE;
				CLANG_WARN_UNREACHABLE_CODE = YES;
				CLANG_WARN__DUPLICATE_METHOD_MATCH = YES;
				COPY_PHASE_STRIP = NO;
				DEBUG_INFORMATION_FORMAT = "dwarf-with-dsym";
				ENABLE_NS_ASSERTIONS = NO;
				ENABLE_STRICT_OBJC_MSGSEND = YES;
				GCC_C_LANGUAGE_STANDARD = gnu11;
				GCC_NO_COMMON_BLOCKS = YES;
				GCC_WARN_64_TO_32_BIT_CONVERSION = YES;
				GCC_WARN_ABOUT_RETURN_TYPE = YES_ERROR;
				GCC_WARN_UNDECLARED_SELECTOR = YES;
				GCC_WARN_UNINITIALIZED_AUTOS = YES_AGGRESSIVE;
				GCC_WARN_UNUSED_FUNCTION = YES;
				GCC_WARN_UNUSED_VARIABLE = YES;
				IPHONEOS_DEPLOYMENT_TARGET = 14.5;
				MTL_ENABLE_DEBUG_INFO = NO;
				MTL_FAST_MATH = YES;
				SDKROOT = iphoneos;
				SWIFT_COMPILATION_MODE = wholemodule;
				SWIFT_OPTIMIZATION_LEVEL = "-O";
				VALIDATE_PRODUCT = YES;
			};
			name = Release;
		};
		D55CF7E426C5E7E100B92E31 /* Debug */ = {
			isa = XCBuildConfiguration;
			buildSettings = {
				ASSETCATALOG_COMPILER_APPICON_NAME = AppIcon;
				ASSETCATALOG_COMPILER_GLOBAL_ACCENT_COLOR_NAME = AccentColor;
				CODE_SIGN_STYLE = Automatic;
				INFOPLIST_FILE = SpotifyClone/Resources/Info.plist;
				LD_RUNPATH_SEARCH_PATHS = (
					"$(inherited)",
					"@executable_path/Frameworks",
				);
				PRODUCT_BUNDLE_IDENTIFIER = com.this.vellopers.SpotifyClone;
				PRODUCT_NAME = "$(TARGET_NAME)";
				SWIFT_VERSION = 5.0;
				TARGETED_DEVICE_FAMILY = "1,2";
			};
			name = Debug;
		};
		D55CF7E526C5E7E100B92E31 /* Release */ = {
			isa = XCBuildConfiguration;
			buildSettings = {
				ASSETCATALOG_COMPILER_APPICON_NAME = AppIcon;
				ASSETCATALOG_COMPILER_GLOBAL_ACCENT_COLOR_NAME = AccentColor;
				CODE_SIGN_STYLE = Automatic;
				INFOPLIST_FILE = SpotifyClone/Resources/Info.plist;
				LD_RUNPATH_SEARCH_PATHS = (
					"$(inherited)",
					"@executable_path/Frameworks",
				);
				PRODUCT_BUNDLE_IDENTIFIER = com.this.vellopers.SpotifyClone;
				PRODUCT_NAME = "$(TARGET_NAME)";
				SWIFT_VERSION = 5.0;
				TARGETED_DEVICE_FAMILY = "1,2";
			};
			name = Release;
		};
/* End XCBuildConfiguration section */

/* Begin XCConfigurationList section */
		D55CF7CA26C5E7E000B92E31 /* Build configuration list for PBXProject "SpotifyClone" */ = {
			isa = XCConfigurationList;
			buildConfigurations = (
				D55CF7E126C5E7E100B92E31 /* Debug */,
				D55CF7E226C5E7E100B92E31 /* Release */,
			);
			defaultConfigurationIsVisible = 0;
			defaultConfigurationName = Release;
		};
		D55CF7E326C5E7E100B92E31 /* Build configuration list for PBXNativeTarget "SpotifyClone" */ = {
			isa = XCConfigurationList;
			buildConfigurations = (
				D55CF7E426C5E7E100B92E31 /* Debug */,
				D55CF7E526C5E7E100B92E31 /* Release */,
			);
			defaultConfigurationIsVisible = 0;
			defaultConfigurationName = Release;
		};
/* End XCConfigurationList section */
	};
	rootObject = D55CF7C726C5E7E000B92E31 /* Project object */;
}
